
Microsoft Visual Studio Solution File, Format Version 12.00
# Visual Studio 15
VisualStudioVersion = 15.0.28307.539
MinimumVisualStudioVersion = 10.0.40219.1
Project("{FAE04EC0-301F-11D3-BF4B-00C04F79EFBC}") = "MyFaculty", "MyFaculty\MyFaculty.csproj", "{DA41393D-9293-46E9-B03C-B1D97BAB615B}"
EndProject
Global
	GlobalSection(SolutionConfigurationPlatforms) = preSolution
		Debug|Any CPU = Debug|Any CPU
		Release|Any CPU = Release|Any CPU
	EndGlobalSection
	GlobalSection(ProjectConfigurationPlatforms) = postSolution
		{DA41393D-9293-46E9-B03C-B1D97BAB615B}.Debug|Any CPU.ActiveCfg = Debug|Any CPU
		{DA41393D-9293-46E9-B03C-B1D97BAB615B}.Debug|Any CPU.Build.0 = Debug|Any CPU
		{DA41393D-9293-46E9-B03C-B1D97BAB615B}.Release|Any CPU.ActiveCfg = Release|Any CPU
		{DA41393D-9293-46E9-B03C-B1D97BAB615B}.Release|Any CPU.Build.0 = Release|Any CPU
	EndGlobalSection
	GlobalSection(SolutionProperties) = preSolution
		HideSolutionNode = FALSE
	EndGlobalSection
	GlobalSection(ExtensibilityGlobals) = postSolution
		SolutionGuid = {4D095B39-EFBD-45D1-BCD0-0C9D4F3F2EC2}
	EndGlobalSection
EndGlobal
